
Microsoft Visual Studio Solution File, Format Version 12.00
# Visual Studio Version 16
VisualStudioVersion = 16.0.30717.126
MinimumVisualStudioVersion = 10.0.40219.1
Project("{FAE04EC0-301F-11D3-BF4B-00C04F79EFBC}") = "TicTacToeTest", "TicTacToeTest\TicTacToeTest.csproj", "{4E39FA8B-0300-481A-83B5-BC1AA4336037}"
EndProject
Global
	GlobalSection(SolutionConfigurationPlatforms) = preSolution
		Debug|Any CPU = Debug|Any CPU
		Release|Any CPU = Release|Any CPU
	EndGlobalSection
	GlobalSection(ProjectConfigurationPlatforms) = postSolution
		{4E39FA8B-0300-481A-83B5-BC1AA4336037}.Debug|Any CPU.ActiveCfg = Debug|Any CPU
		{4E39FA8B-0300-481A-83B5-BC1AA4336037}.Debug|Any CPU.Build.0 = Debug|Any CPU
		{4E39FA8B-0300-481A-83B5-BC1AA4336037}.Release|Any CPU.ActiveCfg = Release|Any CPU
		{4E39FA8B-0300-481A-83B5-BC1AA4336037}.Release|Any CPU.Build.0 = Release|Any CPU
	EndGlobalSection
	GlobalSection(SolutionProperties) = preSolution
		HideSolutionNode = FALSE
	EndGlobalSection
	GlobalSection(ExtensibilityGlobals) = postSolution
		SolutionGuid = {C3563297-AB0B-4782-93F1-77A29D72ECC9}
	EndGlobalSection
EndGlobal
